
Microsoft Visual Studio Solution File, Format Version 12.00
# Visual Studio Version 17
VisualStudioVersion = 17.3.32929.385
MinimumVisualStudioVersion = 10.0.40219.1
Project("{FAE04EC0-301F-11D3-BF4B-00C04F79EFBC}") = "AlgorithmsProgram", "AlgorithmsProgram\AlgorithmsProgram.csproj", "{A3031100-39FF-49ED-A15E-41752281B7E3}"
EndProject
Global
	GlobalSection(SolutionConfigurationPlatforms) = preSolution
		Debug|Any CPU = Debug|Any CPU
		Release|Any CPU = Release|Any CPU
	EndGlobalSection
	GlobalSection(ProjectConfigurationPlatforms) = postSolution
		{A3031100-39FF-49ED-A15E-41752281B7E3}.Debug|Any CPU.ActiveCfg = Debug|Any CPU
		{A3031100-39FF-49ED-A15E-41752281B7E3}.Debug|Any CPU.Build.0 = Debug|Any CPU
		{A3031100-39FF-49ED-A15E-41752281B7E3}.Release|Any CPU.ActiveCfg = Release|Any CPU
		{A3031100-39FF-49ED-A15E-41752281B7E3}.Release|Any CPU.Build.0 = Release|Any CPU
	EndGlobalSection
	GlobalSection(SolutionProperties) = preSolution
		HideSolutionNode = FALSE
	EndGlobalSection
	GlobalSection(ExtensibilityGlobals) = postSolution
		SolutionGuid = {A90F6F0B-C531-43E5-B066-E662A03E0507}
	EndGlobalSection
EndGlobal
